
Microsoft Visual Studio Solution File, Format Version 12.00
# Visual Studio Version 17
VisualStudioVersion = 17.0.31903.59
MinimumVisualStudioVersion = 10.0.40219.1
Project("{2150E333-8FDC-42A3-9474-1A3956D46DE8}") = "src", "src", "{827E0CD3-B72D-47B6-A68D-7590B98EB39B}"
EndProject
Project("{2150E333-8FDC-42A3-9474-1A3956D46DE8}") = "Modules", "Modules", "{EC447DCF-ABFA-6E24-52A5-D7FD48A5C558}"
EndProject
Project("{2150E333-8FDC-42A3-9474-1A3956D46DE8}") = "Auth", "Auth", "{E9D55F35-C373-3DD8-6914-3213F2F582A2}"
EndProject
Project("{FAE04EC0-301F-11D3-BF4B-00C04F79EFBC}") = "TechMesh.Auth.Api", "src\Modules\Auth\TechMesh.Auth.Api\TechMesh.Auth.Api.csproj", "{EF0D08A3-9EBA-4EA5-A3FE-415D8A9612B9}"
EndProject
Project("{FAE04EC0-301F-11D3-BF4B-00C04F79EFBC}") = "TechMesh.Auth.Application", "src\Modules\Auth\TechMesh.Auth.Application\TechMesh.Auth.Application.csproj", "{3DB5D97D-8519-4DF8-ADC3-4EB51EAB697B}"
EndProject
Project("{FAE04EC0-301F-11D3-BF4B-00C04F79EFBC}") = "TechMesh.Auth.Domain", "src\Modules\Auth\TechMesh.Auth.Domain\TechMesh.Auth.Domain.csproj", "{D130E3C3-AE6C-47BC-9BEE-E10ED30DACA4}"
EndProject
Project("{FAE04EC0-301F-11D3-BF4B-00C04F79EFBC}") = "TechMesh.Auth.Infrastructure", "src\Modules\Auth\TechMesh.Auth.Infrastructure\TechMesh.Auth.Infrastructure.csproj", "{EBC50DB8-E390-4F4E-BE23-7A65B3117A2D}"
EndProject
Project("{2150E333-8FDC-42A3-9474-1A3956D46DE8}") = "Notifications", "Notifications", "{DE9DAF8A-E684-0FD3-FFDC-40D3E3158533}"
EndProject
Project("{FAE04EC0-301F-11D3-BF4B-00C04F79EFBC}") = "TechMesh.Notification.Api", "src\Modules\Notifications\TechMesh.Notification.Api\TechMesh.Notification.Api.csproj", "{8B20C037-AB13-401A-80D3-D130CA044FA8}"
EndProject
Project("{FAE04EC0-301F-11D3-BF4B-00C04F79EFBC}") = "TechMesh.Notification.Application", "src\Modules\Notifications\TechMesh.Notification.Application\TechMesh.Notification.Application.csproj", "{9915F214-6156-48B0-B90F-69C7EE5C3823}"
EndProject
Project("{FAE04EC0-301F-11D3-BF4B-00C04F79EFBC}") = "TechMesh.Notification.Domain", "src\Modules\Notifications\TechMesh.Notification.Domain\TechMesh.Notification.Domain.csproj", "{6B2D0BEB-3AC4-4A93-A312-7B5FE4E19451}"
EndProject
Project("{FAE04EC0-301F-11D3-BF4B-00C04F79EFBC}") = "TechMesh.Notification.Infrastructure", "src\Modules\Notifications\TechMesh.Notification.Infrastructure\TechMesh.Notification.Infrastructure.csproj", "{EC78624A-5E04-4831-9CE3-5A50505A66CB}"
EndProject
Project("{2150E333-8FDC-42A3-9474-1A3956D46DE8}") = "Projects", "Projects", "{DEF05D85-86F1-393F-22F4-9251153583D2}"
EndProject
Project("{FAE04EC0-301F-11D3-BF4B-00C04F79EFBC}") = "TechMesh.Project.Api", "src\Modules\Projects\TechMesh.Project.Api\TechMesh.Project.Api.csproj", "{7611DCAF-43FD-4F1D-A25C-3DC722C224D9}"
EndProject
Project("{FAE04EC0-301F-11D3-BF4B-00C04F79EFBC}") = "TechMesh.Project.Application", "src\Modules\Projects\TechMesh.Project.Application\TechMesh.Project.Application.csproj", "{ECD6ED45-AFEB-46E0-BE73-86F6F5D601A3}"
EndProject
Project("{FAE04EC0-301F-11D3-BF4B-00C04F79EFBC}") = "TechMesh.Project.Domain", "src\Modules\Projects\TechMesh.Project.Domain\TechMesh.Project.Domain.csproj", "{AB762AC8-5C31-491B-9546-574E49307EA8}"
EndProject
Project("{FAE04EC0-301F-11D3-BF4B-00C04F79EFBC}") = "TechMesh.Project.Infrastructure", "src\Modules\Projects\TechMesh.Project.Infrastructure\TechMesh.Project.Infrastructure.csproj", "{004C4746-BD4B-4A6F-A206-D967B1E12863}"
EndProject
Project("{2150E333-8FDC-42A3-9474-1A3956D46DE8}") = "Users", "Users", "{A26F344D-182E-CE53-AD51-2154946AC6F3}"
EndProject
Project("{FAE04EC0-301F-11D3-BF4B-00C04F79EFBC}") = "TechMesh.User.Api", "src\Modules\Users\TechMesh.User.Api\TechMesh.User.Api.csproj", "{325FDE81-7B32-4FA5-B46E-9DCF69508BEB}"
EndProject
Project("{FAE04EC0-301F-11D3-BF4B-00C04F79EFBC}") = "TechMesh.User.Application", "src\Modules\Users\TechMesh.User.Application\TechMesh.User.Application.csproj", "{9619DF63-4915-42B8-812A-6987EC858971}"
EndProject
Project("{FAE04EC0-301F-11D3-BF4B-00C04F79EFBC}") = "TechMesh.User.Domain", "src\Modules\Users\TechMesh.User.Domain\TechMesh.User.Domain.csproj", "{DC5E01B4-154C-4DB2-B576-7F198A6192C3}"
EndProject
Project("{FAE04EC0-301F-11D3-BF4B-00C04F79EFBC}") = "TechMesh.User.Infrastructure", "src\Modules\Users\TechMesh.User.Infrastructure\TechMesh.User.Infrastructure.csproj", "{832CFEE4-F3FA-46FC-838D-5ED84F5D72EF}"
EndProject
Project("{2150E333-8FDC-42A3-9474-1A3956D46DE8}") = "BuildingBlocks", "BuildingBlocks", "{90298CBA-BD6F-3A0A-69D5-97CAD7B05E7E}"
EndProject
Project("{FAE04EC0-301F-11D3-BF4B-00C04F79EFBC}") = "TechMesh.Application", "src\BuildingBlocks\TechMesh.Application\TechMesh.Application.csproj", "{12D6DB89-C9AE-4DB3-A38F-776A50CCDC8D}"
EndProject
Project("{FAE04EC0-301F-11D3-BF4B-00C04F79EFBC}") = "TechMesh.Domain", "src\BuildingBlocks\TechMesh.Domain\TechMesh.Domain.csproj", "{1EFE1B22-EB03-40A9-9B3D-52C92390D5D8}"
EndProject
Project("{FAE04EC0-301F-11D3-BF4B-00C04F79EFBC}") = "TechMesh.Infrastructure", "src\BuildingBlocks\TechMesh.Infrastructure\TechMesh.Infrastructure.csproj", "{E70246EE-5ECB-4711-9013-8122C4584E75}"
EndProject
Project("{FAE04EC0-301F-11D3-BF4B-00C04F79EFBC}") = "TechMesh.Api", "src\BuildingBlocks\TechMesh.Api\TechMesh.Api.csproj", "{815056EF-4385-4844-97AB-51B2F4269812}"
EndProject
Global
	GlobalSection(SolutionConfigurationPlatforms) = preSolution
		Debug|Any CPU = Debug|Any CPU
		Debug|x64 = Debug|x64
		Debug|x86 = Debug|x86
		Release|Any CPU = Release|Any CPU
		Release|x64 = Release|x64
		Release|x86 = Release|x86
	EndGlobalSection
	GlobalSection(ProjectConfigurationPlatforms) = postSolution
		{EF0D08A3-9EBA-4EA5-A3FE-415D8A9612B9}.Debug|Any CPU.ActiveCfg = Debug|Any CPU
		{EF0D08A3-9EBA-4EA5-A3FE-415D8A9612B9}.Debug|Any CPU.Build.0 = Debug|Any CPU
		{EF0D08A3-9EBA-4EA5-A3FE-415D8A9612B9}.Debug|x64.ActiveCfg = Debug|Any CPU
		{EF0D08A3-9EBA-4EA5-A3FE-415D8A9612B9}.Debug|x64.Build.0 = Debug|Any CPU
		{EF0D08A3-9EBA-4EA5-A3FE-415D8A9612B9}.Debug|x86.ActiveCfg = Debug|Any CPU
		{EF0D08A3-9EBA-4EA5-A3FE-415D8A9612B9}.Debug|x86.Build.0 = Debug|Any CPU
		{EF0D08A3-9EBA-4EA5-A3FE-415D8A9612B9}.Release|Any CPU.ActiveCfg = Release|Any CPU
		{EF0D08A3-9EBA-4EA5-A3FE-415D8A9612B9}.Release|Any CPU.Build.0 = Release|Any CPU
		{EF0D08A3-9EBA-4EA5-A3FE-415D8A9612B9}.Release|x64.ActiveCfg = Release|Any CPU
		{EF0D08A3-9EBA-4EA5-A3FE-415D8A9612B9}.Release|x64.Build.0 = Release|Any CPU
		{EF0D08A3-9EBA-4EA5-A3FE-415D8A9612B9}.Release|x86.ActiveCfg = Release|Any CPU
		{EF0D08A3-9EBA-4EA5-A3FE-415D8A9612B9}.Release|x86.Build.0 = Release|Any CPU
		{3DB5D97D-8519-4DF8-ADC3-4EB51EAB697B}.Debug|Any CPU.ActiveCfg = Debug|Any CPU
		{3DB5D97D-8519-4DF8-ADC3-4EB51EAB697B}.Debug|Any CPU.Build.0 = Debug|Any CPU
		{3DB5D97D-8519-4DF8-ADC3-4EB51EAB697B}.Debug|x64.ActiveCfg = Debug|Any CPU
		{3DB5D97D-8519-4DF8-ADC3-4EB51EAB697B}.Debug|x64.Build.0 = Debug|Any CPU
		{3DB5D97D-8519-4DF8-ADC3-4EB51EAB697B}.Debug|x86.ActiveCfg = Debug|Any CPU
		{3DB5D97D-8519-4DF8-ADC3-4EB51EAB697B}.Debug|x86.Build.0 = Debug|Any CPU
		{3DB5D97D-8519-4DF8-ADC3-4EB51EAB697B}.Release|Any CPU.ActiveCfg = Release|Any CPU
		{3DB5D97D-8519-4DF8-ADC3-4EB51EAB697B}.Release|Any CPU.Build.0 = Release|Any CPU
		{3DB5D97D-8519-4DF8-ADC3-4EB51EAB697B}.Release|x64.ActiveCfg = Release|Any CPU
		{3DB5D97D-8519-4DF8-ADC3-4EB51EAB697B}.Release|x64.Build.0 = Release|Any CPU
		{3DB5D97D-8519-4DF8-ADC3-4EB51EAB697B}.Release|x86.ActiveCfg = Release|Any CPU
		{3DB5D97D-8519-4DF8-ADC3-4EB51EAB697B}.Release|x86.Build.0 = Release|Any CPU
		{D130E3C3-AE6C-47BC-9BEE-E10ED30DACA4}.Debug|Any CPU.ActiveCfg = Debug|Any CPU
		{D130E3C3-AE6C-47BC-9BEE-E10ED30DACA4}.Debug|Any CPU.Build.0 = Debug|Any CPU
		{D130E3C3-AE6C-47BC-9BEE-E10ED30DACA4}.Debug|x64.ActiveCfg = Debug|Any CPU
		{D130E3C3-AE6C-47BC-9BEE-E10ED30DACA4}.Debug|x64.Build.0 = Debug|Any CPU
		{D130E3C3-AE6C-47BC-9BEE-E10ED30DACA4}.Debug|x86.ActiveCfg = Debug|Any CPU
		{D130E3C3-AE6C-47BC-9BEE-E10ED30DACA4}.Debug|x86.Build.0 = Debug|Any CPU
		{D130E3C3-AE6C-47BC-9BEE-E10ED30DACA4}.Release|Any CPU.ActiveCfg = Release|Any CPU
		{D130E3C3-AE6C-47BC-9BEE-E10ED30DACA4}.Release|Any CPU.Build.0 = Release|Any CPU
		{D130E3C3-AE6C-47BC-9BEE-E10ED30DACA4}.Release|x64.ActiveCfg = Release|Any CPU
		{D130E3C3-AE6C-47BC-9BEE-E10ED30DACA4}.Release|x64.Build.0 = Release|Any CPU
		{D130E3C3-AE6C-47BC-9BEE-E10ED30DACA4}.Release|x86.ActiveCfg = Release|Any CPU
		{D130E3C3-AE6C-47BC-9BEE-E10ED30DACA4}.Release|x86.Build.0 = Release|Any CPU
		{EBC50DB8-E390-4F4E-BE23-7A65B3117A2D}.Debug|Any CPU.ActiveCfg = Debug|Any CPU
		{EBC50DB8-E390-4F4E-BE23-7A65B3117A2D}.Debug|Any CPU.Build.0 = Debug|Any CPU
		{EBC50DB8-E390-4F4E-BE23-7A65B3117A2D}.Debug|x64.ActiveCfg = Debug|Any CPU
		{EBC50DB8-E390-4F4E-BE23-7A65B3117A2D}.Debug|x64.Build.0 = Debug|Any CPU
		{EBC50DB8-E390-4F4E-BE23-7A65B3117A2D}.Debug|x86.ActiveCfg = Debug|Any CPU
		{EBC50DB8-E390-4F4E-BE23-7A65B3117A2D}.Debug|x86.Build.0 = Debug|Any CPU
		{EBC50DB8-E390-4F4E-BE23-7A65B3117A2D}.Release|Any CPU.ActiveCfg = Release|Any CPU
		{EBC50DB8-E390-4F4E-BE23-7A65B3117A2D}.Release|Any CPU.Build.0 = Release|Any CPU
		{EBC50DB8-E390-4F4E-BE23-7A65B3117A2D}.Release|x64.ActiveCfg = Release|Any CPU
		{EBC50DB8-E390-4F4E-BE23-7A65B3117A2D}.Release|x64.Build.0 = Release|Any CPU
		{EBC50DB8-E390-4F4E-BE23-7A65B3117A2D}.Release|x86.ActiveCfg = Release|Any CPU
		{EBC50DB8-E390-4F4E-BE23-7A65B3117A2D}.Release|x86.Build.0 = Release|Any CPU
		{8B20C037-AB13-401A-80D3-D130CA044FA8}.Debug|Any CPU.ActiveCfg = Debug|Any CPU
		{8B20C037-AB13-401A-80D3-D130CA044FA8}.Debug|Any CPU.Build.0 = Debug|Any CPU
		{8B20C037-AB13-401A-80D3-D130CA044FA8}.Debug|x64.ActiveCfg = Debug|Any CPU
		{8B20C037-AB13-401A-80D3-D130CA044FA8}.Debug|x64.Build.0 = Debug|Any CPU
		{8B20C037-AB13-401A-80D3-D130CA044FA8}.Debug|x86.ActiveCfg = Debug|Any CPU
		{8B20C037-AB13-401A-80D3-D130CA044FA8}.Debug|x86.Build.0 = Debug|Any CPU
		{8B20C037-AB13-401A-80D3-D130CA044FA8}.Release|Any CPU.ActiveCfg = Release|Any CPU
		{8B20C037-AB13-401A-80D3-D130CA044FA8}.Release|Any CPU.Build.0 = Release|Any CPU
		{8B20C037-AB13-401A-80D3-D130CA044FA8}.Release|x64.ActiveCfg = Release|Any CPU
		{8B20C037-AB13-401A-80D3-D130CA044FA8}.Release|x64.Build.0 = Release|Any CPU
		{8B20C037-AB13-401A-80D3-D130CA044FA8}.Release|x86.ActiveCfg = Release|Any CPU
		{8B20C037-AB13-401A-80D3-D130CA044FA8}.Release|x86.Build.0 = Release|Any CPU
		{9915F214-6156-48B0-B90F-69C7EE5C3823}.Debug|Any CPU.ActiveCfg = Debug|Any CPU
		{9915F214-6156-48B0-B90F-69C7EE5C3823}.Debug|Any CPU.Build.0 = Debug|Any CPU
		{9915F214-6156-48B0-B90F-69C7EE5C3823}.Debug|x64.ActiveCfg = Debug|Any CPU
		{9915F214-6156-48B0-B90F-69C7EE5C3823}.Debug|x64.Build.0 = Debug|Any CPU
		{9915F214-6156-48B0-B90F-69C7EE5C3823}.Debug|x86.ActiveCfg = Debug|Any CPU
		{9915F214-6156-48B0-B90F-69C7EE5C3823}.Debug|x86.Build.0 = Debug|Any CPU
		{9915F214-6156-48B0-B90F-69C7EE5C3823}.Release|Any CPU.ActiveCfg = Release|Any CPU
		{9915F214-6156-48B0-B90F-69C7EE5C3823}.Release|Any CPU.Build.0 = Release|Any CPU
		{9915F214-6156-48B0-B90F-69C7EE5C3823}.Release|x64.ActiveCfg = Release|Any CPU
		{9915F214-6156-48B0-B90F-69C7EE5C3823}.Release|x64.Build.0 = Release|Any CPU
		{9915F214-6156-48B0-B90F-69C7EE5C3823}.Release|x86.ActiveCfg = Release|Any CPU
		{9915F214-6156-48B0-B90F-69C7EE5C3823}.Release|x86.Build.0 = Release|Any CPU
		{6B2D0BEB-3AC4-4A93-A312-7B5FE4E19451}.Debug|Any CPU.ActiveCfg = Debug|Any CPU
		{6B2D0BEB-3AC4-4A93-A312-7B5FE4E19451}.Debug|Any CPU.Build.0 = Debug|Any CPU
		{6B2D0BEB-3AC4-4A93-A312-7B5FE4E19451}.Debug|x64.ActiveCfg = Debug|Any CPU
		{6B2D0BEB-3AC4-4A93-A312-7B5FE4E19451}.Debug|x64.Build.0 = Debug|Any CPU
		{6B2D0BEB-3AC4-4A93-A312-7B5FE4E19451}.Debug|x86.ActiveCfg = Debug|Any CPU
		{6B2D0BEB-3AC4-4A93-A312-7B5FE4E19451}.Debug|x86.Build.0 = Debug|Any CPU
		{6B2D0BEB-3AC4-4A93-A312-7B5FE4E19451}.Release|Any CPU.ActiveCfg = Release|Any CPU
		{6B2D0BEB-3AC4-4A93-A312-7B5FE4E19451}.Release|Any CPU.Build.0 = Release|Any CPU
		{6B2D0BEB-3AC4-4A93-A312-7B5FE4E19451}.Release|x64.ActiveCfg = Release|Any CPU
		{6B2D0BEB-3AC4-4A93-A312-7B5FE4E19451}.Release|x64.Build.0 = Release|Any CPU
		{6B2D0BEB-3AC4-4A93-A312-7B5FE4E19451}.Release|x86.ActiveCfg = Release|Any CPU
		{6B2D0BEB-3AC4-4A93-A312-7B5FE4E19451}.Release|x86.Build.0 = Release|Any CPU
		{EC78624A-5E04-4831-9CE3-5A50505A66CB}.Debug|Any CPU.ActiveCfg = Debug|Any CPU
		{EC78624A-5E04-4831-9CE3-5A50505A66CB}.Debug|Any CPU.Build.0 = Debug|Any CPU
		{EC78624A-5E04-4831-9CE3-5A50505A66CB}.Debug|x64.ActiveCfg = Debug|Any CPU
		{EC78624A-5E04-4831-9CE3-5A50505A66CB}.Debug|x64.Build.0 = Debug|Any CPU
		{EC78624A-5E04-4831-9CE3-5A50505A66CB}.Debug|x86.ActiveCfg = Debug|Any CPU
		{EC78624A-5E04-4831-9CE3-5A50505A66CB}.Debug|x86.Build.0 = Debug|Any CPU
		{EC78624A-5E04-4831-9CE3-5A50505A66CB}.Release|Any CPU.ActiveCfg = Release|Any CPU
		{EC78624A-5E04-4831-9CE3-5A50505A66CB}.Release|Any CPU.Build.0 = Release|Any CPU
		{EC78624A-5E04-4831-9CE3-5A50505A66CB}.Release|x64.ActiveCfg = Release|Any CPU
		{EC78624A-5E04-4831-9CE3-5A50505A66CB}.Release|x64.Build.0 = Release|Any CPU
		{EC78624A-5E04-4831-9CE3-5A50505A66CB}.Release|x86.ActiveCfg = Release|Any CPU
		{EC78624A-5E04-4831-9CE3-5A50505A66CB}.Release|x86.Build.0 = Release|Any CPU
		{7611DCAF-43FD-4F1D-A25C-3DC722C224D9}.Debug|Any CPU.ActiveCfg = Debug|Any CPU
		{7611DCAF-43FD-4F1D-A25C-3DC722C224D9}.Debug|Any CPU.Build.0 = Debug|Any CPU
		{7611DCAF-43FD-4F1D-A25C-3DC722C224D9}.Debug|x64.ActiveCfg = Debug|Any CPU
		{7611DCAF-43FD-4F1D-A25C-3DC722C224D9}.Debug|x64.Build.0 = Debug|Any CPU
		{7611DCAF-43FD-4F1D-A25C-3DC722C224D9}.Debug|x86.ActiveCfg = Debug|Any CPU
		{7611DCAF-43FD-4F1D-A25C-3DC722C224D9}.Debug|x86.Build.0 = Debug|Any CPU
		{7611DCAF-43FD-4F1D-A25C-3DC722C224D9}.Release|Any CPU.ActiveCfg = Release|Any CPU
		{7611DCAF-43FD-4F1D-A25C-3DC722C224D9}.Release|Any CPU.Build.0 = Release|Any CPU
		{7611DCAF-43FD-4F1D-A25C-3DC722C224D9}.Release|x64.ActiveCfg = Release|Any CPU
		{7611DCAF-43FD-4F1D-A25C-3DC722C224D9}.Release|x64.Build.0 = Release|Any CPU
		{7611DCAF-43FD-4F1D-A25C-3DC722C224D9}.Release|x86.ActiveCfg = Release|Any CPU
		{7611DCAF-43FD-4F1D-A25C-3DC722C224D9}.Release|x86.Build.0 = Release|Any CPU
		{ECD6ED45-AFEB-46E0-BE73-86F6F5D601A3}.Debug|Any CPU.ActiveCfg = Debug|Any CPU
		{ECD6ED45-AFEB-46E0-BE73-86F6F5D601A3}.Debug|Any CPU.Build.0 = Debug|Any CPU
		{ECD6ED45-AFEB-46E0-BE73-86F6F5D601A3}.Debug|x64.ActiveCfg = Debug|Any CPU
		{ECD6ED45-AFEB-46E0-BE73-86F6F5D601A3}.Debug|x64.Build.0 = Debug|Any CPU
		{ECD6ED45-AFEB-46E0-BE73-86F6F5D601A3}.Debug|x86.ActiveCfg = Debug|Any CPU
		{ECD6ED45-AFEB-46E0-BE73-86F6F5D601A3}.Debug|x86.Build.0 = Debug|Any CPU
		{ECD6ED45-AFEB-46E0-BE73-86F6F5D601A3}.Release|Any CPU.ActiveCfg = Release|Any CPU
		{ECD6ED45-AFEB-46E0-BE73-86F6F5D601A3}.Release|Any CPU.Build.0 = Release|Any CPU
		{ECD6ED45-AFEB-46E0-BE73-86F6F5D601A3}.Release|x64.ActiveCfg = Release|Any CPU
		{ECD6ED45-AFEB-46E0-BE73-86F6F5D601A3}.Release|x64.Build.0 = Release|Any CPU
		{ECD6ED45-AFEB-46E0-BE73-86F6F5D601A3}.Release|x86.ActiveCfg = Release|Any CPU
		{ECD6ED45-AFEB-46E0-BE73-86F6F5D601A3}.Release|x86.Build.0 = Release|Any CPU
		{AB762AC8-5C31-491B-9546-574E49307EA8}.Debug|Any CPU.ActiveCfg = Debug|Any CPU
		{AB762AC8-5C31-491B-9546-574E49307EA8}.Debug|Any CPU.Build.0 = Debug|Any CPU
		{AB762AC8-5C31-491B-9546-574E49307EA8}.Debug|x64.ActiveCfg = Debug|Any CPU
		{AB762AC8-5C31-491B-9546-574E49307EA8}.Debug|x64.Build.0 = Debug|Any CPU
		{AB762AC8-5C31-491B-9546-574E49307EA8}.Debug|x86.ActiveCfg = Debug|Any CPU
		{AB762AC8-5C31-491B-9546-574E49307EA8}.Debug|x86.Build.0 = Debug|Any CPU
		{AB762AC8-5C31-491B-9546-574E49307EA8}.Release|Any CPU.ActiveCfg = Release|Any CPU
		{AB762AC8-5C31-491B-9546-574E49307EA8}.Release|Any CPU.Build.0 = Release|Any CPU
		{AB762AC8-5C31-491B-9546-574E49307EA8}.Release|x64.ActiveCfg = Release|Any CPU
		{AB762AC8-5C31-491B-9546-574E49307EA8}.Release|x64.Build.0 = Release|Any CPU
		{AB762AC8-5C31-491B-9546-574E49307EA8}.Release|x86.ActiveCfg = Release|Any CPU
		{AB762AC8-5C31-491B-9546-574E49307EA8}.Release|x86.Build.0 = Release|Any CPU
		{004C4746-BD4B-4A6F-A206-D967B1E12863}.Debug|Any CPU.ActiveCfg = Debug|Any CPU
		{004C4746-BD4B-4A6F-A206-D967B1E12863}.Debug|Any CPU.Build.0 = Debug|Any CPU
		{004C4746-BD4B-4A6F-A206-D967B1E12863}.Debug|x64.ActiveCfg = Debug|Any CPU
		{004C4746-BD4B-4A6F-A206-D967B1E12863}.Debug|x64.Build.0 = Debug|Any CPU
		{004C4746-BD4B-4A6F-A206-D967B1E12863}.Debug|x86.ActiveCfg = Debug|Any CPU
		{004C4746-BD4B-4A6F-A206-D967B1E12863}.Debug|x86.Build.0 = Debug|Any CPU
		{004C4746-BD4B-4A6F-A206-D967B1E12863}.Release|Any CPU.ActiveCfg = Release|Any CPU
		{004C4746-BD4B-4A6F-A206-D967B1E12863}.Release|Any CPU.Build.0 = Release|Any CPU
		{004C4746-BD4B-4A6F-A206-D967B1E12863}.Release|x64.ActiveCfg = Release|Any CPU
		{004C4746-BD4B-4A6F-A206-D967B1E12863}.Release|x64.Build.0 = Release|Any CPU
		{004C4746-BD4B-4A6F-A206-D967B1E12863}.Release|x86.ActiveCfg = Release|Any CPU
		{004C4746-BD4B-4A6F-A206-D967B1E12863}.Release|x86.Build.0 = Release|Any CPU
		{325FDE81-7B32-4FA5-B46E-9DCF69508BEB}.Debug|Any CPU.ActiveCfg = Debug|Any CPU
		{325FDE81-7B32-4FA5-B46E-9DCF69508BEB}.Debug|Any CPU.Build.0 = Debug|Any CPU
		{325FDE81-7B32-4FA5-B46E-9DCF69508BEB}.Debug|x64.ActiveCfg = Debug|Any CPU
		{325FDE81-7B32-4FA5-B46E-9DCF69508BEB}.Debug|x64.Build.0 = Debug|Any CPU
		{325FDE81-7B32-4FA5-B46E-9DCF69508BEB}.Debug|x86.ActiveCfg = Debug|Any CPU
		{325FDE81-7B32-4FA5-B46E-9DCF69508BEB}.Debug|x86.Build.0 = Debug|Any CPU
		{325FDE81-7B32-4FA5-B46E-9DCF69508BEB}.Release|Any CPU.ActiveCfg = Release|Any CPU
		{325FDE81-7B32-4FA5-B46E-9DCF69508BEB}.Release|Any CPU.Build.0 = Release|Any CPU
		{325FDE81-7B32-4FA5-B46E-9DCF69508BEB}.Release|x64.ActiveCfg = Release|Any CPU
		{325FDE81-7B32-4FA5-B46E-9DCF69508BEB}.Release|x64.Build.0 = Release|Any CPU
		{325FDE81-7B32-4FA5-B46E-9DCF69508BEB}.Release|x86.ActiveCfg = Release|Any CPU
		{325FDE81-7B32-4FA5-B46E-9DCF69508BEB}.Release|x86.Build.0 = Release|Any CPU
		{9619DF63-4915-42B8-812A-6987EC858971}.Debug|Any CPU.ActiveCfg = Debug|Any CPU
		{9619DF63-4915-42B8-812A-6987EC858971}.Debug|Any CPU.Build.0 = Debug|Any CPU
		{9619DF63-4915-42B8-812A-6987EC858971}.Debug|x64.ActiveCfg = Debug|Any CPU
		{9619DF63-4915-42B8-812A-6987EC858971}.Debug|x64.Build.0 = Debug|Any CPU
		{9619DF63-4915-42B8-812A-6987EC858971}.Debug|x86.ActiveCfg = Debug|Any CPU
		{9619DF63-4915-42B8-812A-6987EC858971}.Debug|x86.Build.0 = Debug|Any CPU
		{9619DF63-4915-42B8-812A-6987EC858971}.Release|Any CPU.ActiveCfg = Release|Any CPU
		{9619DF63-4915-42B8-812A-6987EC858971}.Release|Any CPU.Build.0 = Release|Any CPU
		{9619DF63-4915-42B8-812A-6987EC858971}.Release|x64.ActiveCfg = Release|Any CPU
		{9619DF63-4915-42B8-812A-6987EC858971}.Release|x64.Build.0 = Release|Any CPU
		{9619DF63-4915-42B8-812A-6987EC858971}.Release|x86.ActiveCfg = Release|Any CPU
		{9619DF63-4915-42B8-812A-6987EC858971}.Release|x86.Build.0 = Release|Any CPU
		{DC5E01B4-154C-4DB2-B576-7F198A6192C3}.Debug|Any CPU.ActiveCfg = Debug|Any CPU
		{DC5E01B4-154C-4DB2-B576-7F198A6192C3}.Debug|Any CPU.Build.0 = Debug|Any CPU
		{DC5E01B4-154C-4DB2-B576-7F198A6192C3}.Debug|x64.ActiveCfg = Debug|Any CPU
		{DC5E01B4-154C-4DB2-B576-7F198A6192C3}.Debug|x64.Build.0 = Debug|Any CPU
		{DC5E01B4-154C-4DB2-B576-7F198A6192C3}.Debug|x86.ActiveCfg = Debug|Any CPU
		{DC5E01B4-154C-4DB2-B576-7F198A6192C3}.Debug|x86.Build.0 = Debug|Any CPU
		{DC5E01B4-154C-4DB2-B576-7F198A6192C3}.Release|Any CPU.ActiveCfg = Release|Any CPU
		{DC5E01B4-154C-4DB2-B576-7F198A6192C3}.Release|Any CPU.Build.0 = Release|Any CPU
		{DC5E01B4-154C-4DB2-B576-7F198A6192C3}.Release|x64.ActiveCfg = Release|Any CPU
		{DC5E01B4-154C-4DB2-B576-7F198A6192C3}.Release|x64.Build.0 = Release|Any CPU
		{DC5E01B4-154C-4DB2-B576-7F198A6192C3}.Release|x86.ActiveCfg = Release|Any CPU
		{DC5E01B4-154C-4DB2-B576-7F198A6192C3}.Release|x86.Build.0 = Release|Any CPU
		{832CFEE4-F3FA-46FC-838D-5ED84F5D72EF}.Debug|Any CPU.ActiveCfg = Debug|Any CPU
		{832CFEE4-F3FA-46FC-838D-5ED84F5D72EF}.Debug|Any CPU.Build.0 = Debug|Any CPU
		{832CFEE4-F3FA-46FC-838D-5ED84F5D72EF}.Debug|x64.ActiveCfg = Debug|Any CPU
		{832CFEE4-F3FA-46FC-838D-5ED84F5D72EF}.Debug|x64.Build.0 = Debug|Any CPU
		{832CFEE4-F3FA-46FC-838D-5ED84F5D72EF}.Debug|x86.ActiveCfg = Debug|Any CPU
		{832CFEE4-F3FA-46FC-838D-5ED84F5D72EF}.Debug|x86.Build.0 = Debug|Any CPU
		{832CFEE4-F3FA-46FC-838D-5ED84F5D72EF}.Release|Any CPU.ActiveCfg = Release|Any CPU
		{832CFEE4-F3FA-46FC-838D-5ED84F5D72EF}.Release|Any CPU.Build.0 = Release|Any CPU
		{832CFEE4-F3FA-46FC-838D-5ED84F5D72EF}.Release|x64.ActiveCfg = Release|Any CPU
		{832CFEE4-F3FA-46FC-838D-5ED84F5D72EF}.Release|x64.Build.0 = Release|Any CPU
		{832CFEE4-F3FA-46FC-838D-5ED84F5D72EF}.Release|x86.ActiveCfg = Release|Any CPU
		{832CFEE4-F3FA-46FC-838D-5ED84F5D72EF}.Release|x86.Build.0 = Release|Any CPU
		{12D6DB89-C9AE-4DB3-A38F-776A50CCDC8D}.Debug|Any CPU.ActiveCfg = Debug|Any CPU
		{12D6DB89-C9AE-4DB3-A38F-776A50CCDC8D}.Debug|Any CPU.Build.0 = Debug|Any CPU
		{12D6DB89-C9AE-4DB3-A38F-776A50CCDC8D}.Debug|x64.ActiveCfg = Debug|Any CPU
		{12D6DB89-C9AE-4DB3-A38F-776A50CCDC8D}.Debug|x64.Build.0 = Debug|Any CPU
		{12D6DB89-C9AE-4DB3-A38F-776A50CCDC8D}.Debug|x86.ActiveCfg = Debug|Any CPU
		{12D6DB89-C9AE-4DB3-A38F-776A50CCDC8D}.Debug|x86.Build.0 = Debug|Any CPU
		{12D6DB89-C9AE-4DB3-A38F-776A50CCDC8D}.Release|Any CPU.ActiveCfg = Release|Any CPU
		{12D6DB89-C9AE-4DB3-A38F-776A50CCDC8D}.Release|Any CPU.Build.0 = Release|Any CPU
		{12D6DB89-C9AE-4DB3-A38F-776A50CCDC8D}.Release|x64.ActiveCfg = Release|Any CPU
		{12D6DB89-C9AE-4DB3-A38F-776A50CCDC8D}.Release|x64.Build.0 = Release|Any CPU
		{12D6DB89-C9AE-4DB3-A38F-776A50CCDC8D}.Release|x86.ActiveCfg = Release|Any CPU
		{12D6DB89-C9AE-4DB3-A38F-776A50CCDC8D}.Release|x86.Build.0 = Release|Any CPU
		{1EFE1B22-EB03-40A9-9B3D-52C92390D5D8}.Debug|Any CPU.ActiveCfg = Debug|Any CPU
		{1EFE1B22-EB03-40A9-9B3D-52C92390D5D8}.Debug|Any CPU.Build.0 = Debug|Any CPU
		{1EFE1B22-EB03-40A9-9B3D-52C92390D5D8}.Debug|x64.ActiveCfg = Debug|Any CPU
		{1EFE1B22-EB03-40A9-9B3D-52C92390D5D8}.Debug|x64.Build.0 = Debug|Any CPU
		{1EFE1B22-EB03-40A9-9B3D-52C92390D5D8}.Debug|x86.ActiveCfg = Debug|Any CPU
		{1EFE1B22-EB03-40A9-9B3D-52C92390D5D8}.Debug|x86.Build.0 = Debug|Any CPU
		{1EFE1B22-EB03-40A9-9B3D-52C92390D5D8}.Release|Any CPU.ActiveCfg = Release|Any CPU
		{1EFE1B22-EB03-40A9-9B3D-52C92390D5D8}.Release|Any CPU.Build.0 = Release|Any CPU
		{1EFE1B22-EB03-40A9-9B3D-52C92390D5D8}.Release|x64.ActiveCfg = Release|Any CPU
		{1EFE1B22-EB03-40A9-9B3D-52C92390D5D8}.Release|x64.Build.0 = Release|Any CPU
		{1EFE1B22-EB03-40A9-9B3D-52C92390D5D8}.Release|x86.ActiveCfg = Release|Any CPU
		{1EFE1B22-EB03-40A9-9B3D-52C92390D5D8}.Release|x86.Build.0 = Release|Any CPU
		{E70246EE-5ECB-4711-9013-8122C4584E75}.Debug|Any CPU.ActiveCfg = Debug|Any CPU
		{E70246EE-5ECB-4711-9013-8122C4584E75}.Debug|Any CPU.Build.0 = Debug|Any CPU
		{E70246EE-5ECB-4711-9013-8122C4584E75}.Debug|x64.ActiveCfg = Debug|Any CPU
		{E70246EE-5ECB-4711-9013-8122C4584E75}.Debug|x64.Build.0 = Debug|Any CPU
		{E70246EE-5ECB-4711-9013-8122C4584E75}.Debug|x86.ActiveCfg = Debug|Any CPU
		{E70246EE-5ECB-4711-9013-8122C4584E75}.Debug|x86.Build.0 = Debug|Any CPU
		{E70246EE-5ECB-4711-9013-8122C4584E75}.Release|Any CPU.ActiveCfg = Release|Any CPU
		{E70246EE-5ECB-4711-9013-8122C4584E75}.Release|Any CPU.Build.0 = Release|Any CPU
		{E70246EE-5ECB-4711-9013-8122C4584E75}.Release|x64.ActiveCfg = Release|Any CPU
		{E70246EE-5ECB-4711-9013-8122C4584E75}.Release|x64.Build.0 = Release|Any CPU
		{E70246EE-5ECB-4711-9013-8122C4584E75}.Release|x86.ActiveCfg = Release|Any CPU
		{E70246EE-5ECB-4711-9013-8122C4584E75}.Release|x86.Build.0 = Release|Any CPU
		{815056EF-4385-4844-97AB-51B2F4269812}.Debug|Any CPU.ActiveCfg = Debug|Any CPU
		{815056EF-4385-4844-97AB-51B2F4269812}.Debug|Any CPU.Build.0 = Debug|Any CPU
		{815056EF-4385-4844-97AB-51B2F4269812}.Debug|x64.ActiveCfg = Debug|Any CPU
		{815056EF-4385-4844-97AB-51B2F4269812}.Debug|x64.Build.0 = Debug|Any CPU
		{815056EF-4385-4844-97AB-51B2F4269812}.Debug|x86.ActiveCfg = Debug|Any CPU
		{815056EF-4385-4844-97AB-51B2F4269812}.Debug|x86.Build.0 = Debug|Any CPU
		{815056EF-4385-4844-97AB-51B2F4269812}.Release|Any CPU.ActiveCfg = Release|Any CPU
		{815056EF-4385-4844-97AB-51B2F4269812}.Release|Any CPU.Build.0 = Release|Any CPU
		{815056EF-4385-4844-97AB-51B2F4269812}.Release|x64.ActiveCfg = Release|Any CPU
		{815056EF-4385-4844-97AB-51B2F4269812}.Release|x64.Build.0 = Release|Any CPU
		{815056EF-4385-4844-97AB-51B2F4269812}.Release|x86.ActiveCfg = Release|Any CPU
		{815056EF-4385-4844-97AB-51B2F4269812}.Release|x86.Build.0 = Release|Any CPU
	EndGlobalSection
	GlobalSection(SolutionProperties) = preSolution
		HideSolutionNode = FALSE
	EndGlobalSection
	GlobalSection(NestedProjects) = preSolution
		{EC447DCF-ABFA-6E24-52A5-D7FD48A5C558} = {827E0CD3-B72D-47B6-A68D-7590B98EB39B}
		{E9D55F35-C373-3DD8-6914-3213F2F582A2} = {EC447DCF-ABFA-6E24-52A5-D7FD48A5C558}
		{EF0D08A3-9EBA-4EA5-A3FE-415D8A9612B9} = {E9D55F35-C373-3DD8-6914-3213F2F582A2}
		{3DB5D97D-8519-4DF8-ADC3-4EB51EAB697B} = {E9D55F35-C373-3DD8-6914-3213F2F582A2}
		{D130E3C3-AE6C-47BC-9BEE-E10ED30DACA4} = {E9D55F35-C373-3DD8-6914-3213F2F582A2}
		{EBC50DB8-E390-4F4E-BE23-7A65B3117A2D} = {E9D55F35-C373-3DD8-6914-3213F2F582A2}
		{DE9DAF8A-E684-0FD3-FFDC-40D3E3158533} = {EC447DCF-ABFA-6E24-52A5-D7FD48A5C558}
		{8B20C037-AB13-401A-80D3-D130CA044FA8} = {DE9DAF8A-E684-0FD3-FFDC-40D3E3158533}
		{9915F214-6156-48B0-B90F-69C7EE5C3823} = {DE9DAF8A-E684-0FD3-FFDC-40D3E3158533}
		{6B2D0BEB-3AC4-4A93-A312-7B5FE4E19451} = {DE9DAF8A-E684-0FD3-FFDC-40D3E3158533}
		{EC78624A-5E04-4831-9CE3-5A50505A66CB} = {DE9DAF8A-E684-0FD3-FFDC-40D3E3158533}
		{DEF05D85-86F1-393F-22F4-9251153583D2} = {EC447DCF-ABFA-6E24-52A5-D7FD48A5C558}
		{7611DCAF-43FD-4F1D-A25C-3DC722C224D9} = {DEF05D85-86F1-393F-22F4-9251153583D2}
		{ECD6ED45-AFEB-46E0-BE73-86F6F5D601A3} = {DEF05D85-86F1-393F-22F4-9251153583D2}
		{AB762AC8-5C31-491B-9546-574E49307EA8} = {DEF05D85-86F1-393F-22F4-9251153583D2}
		{004C4746-BD4B-4A6F-A206-D967B1E12863} = {DEF05D85-86F1-393F-22F4-9251153583D2}
		{A26F344D-182E-CE53-AD51-2154946AC6F3} = {EC447DCF-ABFA-6E24-52A5-D7FD48A5C558}
		{325FDE81-7B32-4FA5-B46E-9DCF69508BEB} = {A26F344D-182E-CE53-AD51-2154946AC6F3}
		{9619DF63-4915-42B8-812A-6987EC858971} = {A26F344D-182E-CE53-AD51-2154946AC6F3}
		{DC5E01B4-154C-4DB2-B576-7F198A6192C3} = {A26F344D-182E-CE53-AD51-2154946AC6F3}
		{832CFEE4-F3FA-46FC-838D-5ED84F5D72EF} = {A26F344D-182E-CE53-AD51-2154946AC6F3}
		{90298CBA-BD6F-3A0A-69D5-97CAD7B05E7E} = {827E0CD3-B72D-47B6-A68D-7590B98EB39B}
		{12D6DB89-C9AE-4DB3-A38F-776A50CCDC8D} = {90298CBA-BD6F-3A0A-69D5-97CAD7B05E7E}
		{1EFE1B22-EB03-40A9-9B3D-52C92390D5D8} = {90298CBA-BD6F-3A0A-69D5-97CAD7B05E7E}
		{E70246EE-5ECB-4711-9013-8122C4584E75} = {90298CBA-BD6F-3A0A-69D5-97CAD7B05E7E}
		{815056EF-4385-4844-97AB-51B2F4269812} = {90298CBA-BD6F-3A0A-69D5-97CAD7B05E7E}
	EndGlobalSection
EndGlobal
